{
  "name": "frontend-nextjs",
  "lockfileVersion": 3,
  "requires": true,
  "packages": {
    "": {
      "devDependencies": {
        "daisyui": "^5.5.8"
      }
    },
    "node_modules/daisyui": {
      "version": "5.5.8",
      "resolved": "https://registry.npmjs.org/daisyui/-/daisyui-5.5.8.tgz",
      "integrity": "sha512-6psL9jIEOFOw68V10j/BKCWcRgx8dh81mmNxShr+g7HDM6UHNoPharlp9zq/PQkHNuGU1ZQsajR3HgpvavbRKQ==",
      "dev": true,
      "license": "MIT",
      "funding": {
        "url": "https://github.com/saadeghi/daisyui?sponsor=1"
      }
    }
  }
}
